// !$*UTF8*$!
{
	archiveVersion = 1;
	classes = {
	};
	objectVersion = 46;
	objects = {

/* Begin PBXBuildFile section */
		5058382B18C50CFB00BCC02D /* Foundation.framework in Frameworks */ = {isa = PBXBuildFile; fileRef = 5058382A18C50CFB00BCC02D /* Foundation.framework */; };
		5058382D18C50CFB00BCC02D /* CoreGraphics.framework in Frameworks */ = {isa = PBXBuildFile; fileRef = 5058382C18C50CFB00BCC02D /* CoreGraphics.framework */; };
		5058382F18C50CFB00BCC02D /* UIKit.framework in Frameworks */ = {isa = PBXBuildFile; fileRef = 5058382E18C50CFB00BCC02D /* UIKit.framework */; };
		5058383518C50CFB00BCC02D /* InfoPlist.strings in Resources */ = {isa = PBXBuildFile; fileRef = 5058383318C50CFB00BCC02D /* InfoPlist.strings */; };
		5058383718C50CFC00BCC02D /* main.m in Sources */ = {isa = PBXBuildFile; fileRef = 5058383618C50CFC00BCC02D /* main.m */; };
		5058383B18C50CFC00BCC02D /* AppDelegate.m in Sources */ = {isa = PBXBuildFile; fileRef = 5058383A18C50CFC00BCC02D /* AppDelegate.m */; };
		5058383D18C50CFC00BCC02D /* Images.xcassets in Resources */ = {isa = PBXBuildFile; fileRef = 5058383C18C50CFC00BCC02D /* Images.xcassets */; };
		5058384418C50CFC00BCC02D /* XCTest.framework in Frameworks */ = {isa = PBXBuildFile; fileRef = 5058384318C50CFC00BCC02D /* XCTest.framework */; };
		5058384518C50CFC00BCC02D /* Foundation.framework in Frameworks */ = {isa = PBXBuildFile; fileRef = 5058382A18C50CFB00BCC02D /* Foundation.framework */; };
		5058384618C50CFC00BCC02D /* UIKit.framework in Frameworks */ = {isa = PBXBuildFile; fileRef = 5058382E18C50CFB00BCC02D /* UIKit.framework */; };
		5058384E18C50CFC00BCC02D /* InfoPlist.strings in Resources */ = {isa = PBXBuildFile; fileRef = 5058384C18C50CFC00BCC02D /* InfoPlist.strings */; };
		5058385018C50CFC00BCC02D /* librabbitmq_iosTests.m in Sources */ = {isa = PBXBuildFile; fileRef = 5058384F18C50CFC00BCC02D /* librabbitmq_iosTests.m */; };
		5058386B18C50D5700BCC02D /* AMQPChannel.m in Sources */ = {isa = PBXBuildFile; fileRef = 5058385A18C50D5700BCC02D /* AMQPChannel.m */; };
		5058386C18C50D5700BCC02D /* AMQPConnection.m in Sources */ = {isa = PBXBuildFile; fileRef = 5058385C18C50D5700BCC02D /* AMQPConnection.m */; };
		5058386D18C50D5700BCC02D /* AMQPConsumer.m in Sources */ = {isa = PBXBuildFile; fileRef = 5058385E18C50D5700BCC02D /* AMQPConsumer.m */; };
		5058386E18C50D5700BCC02D /* AMQPConsumerThread.m in Sources */ = {isa = PBXBuildFile; fileRef = 5058386018C50D5700BCC02D /* AMQPConsumerThread.m */; };
		5058386F18C50D5700BCC02D /* AMQPExchange.m in Sources */ = {isa = PBXBuildFile; fileRef = 5058386318C50D5700BCC02D /* AMQPExchange.m */; };
		5058387018C50D5700BCC02D /* AMQPMessage.m in Sources */ = {isa = PBXBuildFile; fileRef = 5058386518C50D5700BCC02D /* AMQPMessage.m */; };
		5058387118C50D5700BCC02D /* AMQPObject.m in Sources */ = {isa = PBXBuildFile; fileRef = 5058386718C50D5700BCC02D /* AMQPObject.m */; };
		5058387218C50D5700BCC02D /* AMQPQueue.m in Sources */ = {isa = PBXBuildFile; fileRef = 5058386918C50D5700BCC02D /* AMQPQueue.m */; };
		5058388918C50DCE00BCC02D /* amqp_api.c in Sources */ = {isa = PBXBuildFile; fileRef = 5058387418C50DCE00BCC02D /* amqp_api.c */; };
		5058388A18C50DCE00BCC02D /* amqp_connection.c in Sources */ = {isa = PBXBuildFile; fileRef = 5058387518C50DCE00BCC02D /* amqp_connection.c */; };
		5058388B18C50DCE00BCC02D /* amqp_consumer.c in Sources */ = {isa = PBXBuildFile; fileRef = 5058387618C50DCE00BCC02D /* amqp_consumer.c */; };
		5058388D18C50DCE00BCC02D /* amqp_framing.c in Sources */ = {isa = PBXBuildFile; fileRef = 5058387818C50DCE00BCC02D /* amqp_framing.c */; };
		5058388F18C50DCE00BCC02D /* amqp_mem.c in Sources */ = {isa = PBXBuildFile; fileRef = 5058387B18C50DCE00BCC02D /* amqp_mem.c */; };
		5058389018C50DCE00BCC02D /* amqp_openssl.c in Sources */ = {isa = PBXBuildFile; fileRef = 5058387C18C50DCE00BCC02D /* amqp_openssl.c */; };
		5058389218C50DCE00BCC02D /* amqp_socket.c in Sources */ = {isa = PBXBuildFile; fileRef = 5058387F18C50DCE00BCC02D /* amqp_socket.c */; };
		5058389318C50DCE00BCC02D /* amqp_table.c in Sources */ = {isa = PBXBuildFile; fileRef = 5058388218C50DCE00BCC02D /* amqp_table.c */; };
		5058389418C50DCE00BCC02D /* amqp_tcp_socket.c in Sources */ = {isa = PBXBuildFile; fileRef = 5058388318C50DCE00BCC02D /* amqp_tcp_socket.c */; };
		5058389518C50DCE00BCC02D /* amqp_timer.c in Sources */ = {isa = PBXBuildFile; fileRef = 5058388518C50DCE00BCC02D /* amqp_timer.c */; };
		5058389618C50DCE00BCC02D /* amqp_url.c in Sources */ = {isa = PBXBuildFile; fileRef = 5058388718C50DCE00BCC02D /* amqp_url.c */; };
		50A6040A18C77AE5005038CB /* libcrypto.a in Frameworks */ = {isa = PBXBuildFile; fileRef = 50A6040918C77AE5005038CB /* libcrypto.a */; };
		50A6040C18C77AF0005038CB /* libssl.a in Frameworks */ = {isa = PBXBuildFile; fileRef = 50A6040B18C77AF0005038CB /* libssl.a */; };
/* End PBXBuildFile section */

/* Begin PBXContainerItemProxy section */
		5058384718C50CFC00BCC02D /* PBXContainerItemProxy */ = {
			isa = PBXContainerItemProxy;
			containerPortal = 5058381F18C50CFB00BCC02D /* Project object */;
			proxyType = 1;
			remoteGlobalIDString = 5058382618C50CFB00BCC02D;
			remoteInfo = "librabbitmq-ios";
		};
/* End PBXContainerItemProxy section */

/* Begin PBXFileReference section */
		5058382718C50CFB00BCC02D /* librabbitmq-ios.app */ = {isa = PBXFileReference; explicitFileType = wrapper.application; includeInIndex = 0; path = "librabbitmq-ios.app"; sourceTree = BUILT_PRODUCTS_DIR; };
		5058382A18C50CFB00BCC02D /* Foundation.framework */ = {isa = PBXFileReference; lastKnownFileType = wrapper.framework; name = Foundation.framework; path = System/Library/Frameworks/Foundation.framework; sourceTree = SDKROOT; };
		5058382C18C50CFB00BCC02D /* CoreGraphics.framework */ = {isa = PBXFileReference; lastKnownFileType = wrapper.framework; name = CoreGraphics.framework; path = System/Library/Frameworks/CoreGraphics.framework; sourceTree = SDKROOT; };
		5058382E18C50CFB00BCC02D /* UIKit.framework */ = {isa = PBXFileReference; lastKnownFileType = wrapper.framework; name = UIKit.framework; path = System/Library/Frameworks/UIKit.framework; sourceTree = SDKROOT; };
		5058383218C50CFB00BCC02D /* librabbitmq-ios-Info.plist */ = {isa = PBXFileReference; lastKnownFileType = text.plist.xml; path = "librabbitmq-ios-Info.plist"; sourceTree = "<group>"; };
		5058383418C50CFB00BCC02D /* en */ = {isa = PBXFileReference; lastKnownFileType = text.plist.strings; name = en; path = en.lproj/InfoPlist.strings; sourceTree = "<group>"; };
		5058383618C50CFC00BCC02D /* main.m */ = {isa = PBXFileReference; lastKnownFileType = sourcecode.c.objc; path = main.m; sourceTree = "<group>"; };
		5058383818C50CFC00BCC02D /* librabbitmq-ios-Prefix.pch */ = {isa = PBXFileReference; lastKnownFileType = sourcecode.c.h; path = "librabbitmq-ios-Prefix.pch"; sourceTree = "<group>"; };
		5058383918C50CFC00BCC02D /* AppDelegate.h */ = {isa = PBXFileReference; lastKnownFileType = sourcecode.c.h; path = AppDelegate.h; sourceTree = "<group>"; };
		5058383A18C50CFC00BCC02D /* AppDelegate.m */ = {isa = PBXFileReference; lastKnownFileType = sourcecode.c.objc; path = AppDelegate.m; sourceTree = "<group>"; };
		5058383C18C50CFC00BCC02D /* Images.xcassets */ = {isa = PBXFileReference; lastKnownFileType = folder.assetcatalog; path = Images.xcassets; sourceTree = "<group>"; };
		5058384218C50CFC00BCC02D /* librabbitmq-iosTests.xctest */ = {isa = PBXFileReference; explicitFileType = wrapper.cfbundle; includeInIndex = 0; path = "librabbitmq-iosTests.xctest"; sourceTree = BUILT_PRODUCTS_DIR; };
		5058384318C50CFC00BCC02D /* XCTest.framework */ = {isa = PBXFileReference; lastKnownFileType = wrapper.framework; name = XCTest.framework; path = Library/Frameworks/XCTest.framework; sourceTree = DEVELOPER_DIR; };
		5058384B18C50CFC00BCC02D /* librabbitmq-iosTests-Info.plist */ = {isa = PBXFileReference; lastKnownFileType = text.plist.xml; path = "librabbitmq-iosTests-Info.plist"; sourceTree = "<group>"; };
		5058384D18C50CFC00BCC02D /* en */ = {isa = PBXFileReference; lastKnownFileType = text.plist.strings; name = en; path = en.lproj/InfoPlist.strings; sourceTree = "<group>"; };
		5058384F18C50CFC00BCC02D /* librabbitmq_iosTests.m */ = {isa = PBXFileReference; lastKnownFileType = sourcecode.c.objc; path = librabbitmq_iosTests.m; sourceTree = "<group>"; };
		5058385918C50D5700BCC02D /* AMQPChannel.h */ = {isa = PBXFileReference; fileEncoding = 4; lastKnownFileType = sourcecode.c.h; path = AMQPChannel.h; sourceTree = "<group>"; };
		5058385A18C50D5700BCC02D /* AMQPChannel.m */ = {isa = PBXFileReference; fileEncoding = 4; lastKnownFileType = sourcecode.c.objc; path = AMQPChannel.m; sourceTree = "<group>"; };
		5058385B18C50D5700BCC02D /* AMQPConnection.h */ = {isa = PBXFileReference; fileEncoding = 4; lastKnownFileType = sourcecode.c.h; path = AMQPConnection.h; sourceTree = "<group>"; };
		5058385C18C50D5700BCC02D /* AMQPConnection.m */ = {isa = PBXFileReference; fileEncoding = 4; lastKnownFileType = sourcecode.c.objc; path = AMQPConnection.m; sourceTree = "<group>"; };
		5058385D18C50D5700BCC02D /* AMQPConsumer.h */ = {isa = PBXFileReference; fileEncoding = 4; lastKnownFileType = sourcecode.c.h; path = AMQPConsumer.h; sourceTree = "<group>"; };
		5058385E18C50D5700BCC02D /* AMQPConsumer.m */ = {isa = PBXFileReference; fileEncoding = 4; lastKnownFileType = sourcecode.c.objc; path = AMQPConsumer.m; sourceTree = "<group>"; };
		5058385F18C50D5700BCC02D /* AMQPConsumerThread.h */ = {isa = PBXFileReference; fileEncoding = 4; lastKnownFileType = sourcecode.c.h; path = AMQPConsumerThread.h; sourceTree = "<group>"; };
		5058386018C50D5700BCC02D /* AMQPConsumerThread.m */ = {isa = PBXFileReference; fileEncoding = 4; lastKnownFileType = sourcecode.c.objc; path = AMQPConsumerThread.m; sourceTree = "<group>"; };
		5058386118C50D5700BCC02D /* AMQPConsumerThreadDelegate.h */ = {isa = PBXFileReference; fileEncoding = 4; lastKnownFileType = sourcecode.c.h; path = AMQPConsumerThreadDelegate.h; sourceTree = "<group>"; };
		5058386218C50D5700BCC02D /* AMQPExchange.h */ = {isa = PBXFileReference; fileEncoding = 4; lastKnownFileType = sourcecode.c.h; path = AMQPExchange.h; sourceTree = "<group>"; };
		5058386318C50D5700BCC02D /* AMQPExchange.m */ = {isa = PBXFileReference; fileEncoding = 4; lastKnownFileType = sourcecode.c.objc; path = AMQPExchange.m; sourceTree = "<group>"; };
		5058386418C50D5700BCC02D /* AMQPMessage.h */ = {isa = PBXFileReference; fileEncoding = 4; lastKnownFileType = sourcecode.c.h; path = AMQPMessage.h; sourceTree = "<group>"; };
		5058386518C50D5700BCC02D /* AMQPMessage.m */ = {isa = PBXFileReference; fileEncoding = 4; lastKnownFileType = sourcecode.c.objc; path = AMQPMessage.m; sourceTree = "<group>"; };
		5058386618C50D5700BCC02D /* AMQPObject.h */ = {isa = PBXFileReference; fileEncoding = 4; lastKnownFileType = sourcecode.c.h; path = AMQPObject.h; sourceTree = "<group>"; };
		5058386718C50D5700BCC02D /* AMQPObject.m */ = {isa = PBXFileReference; fileEncoding = 4; lastKnownFileType = sourcecode.c.objc; path = AMQPObject.m; sourceTree = "<group>"; };
		5058386818C50D5700BCC02D /* AMQPQueue.h */ = {isa = PBXFileReference; fileEncoding = 4; lastKnownFileType = sourcecode.c.h; path = AMQPQueue.h; sourceTree = "<group>"; };
		5058386918C50D5700BCC02D /* AMQPQueue.m */ = {isa = PBXFileReference; fileEncoding = 4; lastKnownFileType = sourcecode.c.objc; path = AMQPQueue.m; sourceTree = "<group>"; };
		5058386A18C50D5700BCC02D /* AMQPWrapper.h */ = {isa = PBXFileReference; fileEncoding = 4; lastKnownFileType = sourcecode.c.h; path = AMQPWrapper.h; sourceTree = "<group>"; };
		5058387418C50DCE00BCC02D /* amqp_api.c */ = {isa = PBXFileReference; fileEncoding = 4; lastKnownFileType = sourcecode.c.c; name = amqp_api.c; path = "rabbitmq-c/amqp_api.c"; sourceTree = "<group>"; };
		5058387518C50DCE00BCC02D /* amqp_connection.c */ = {isa = PBXFileReference; fileEncoding = 4; lastKnownFileType = sourcecode.c.c; name = amqp_connection.c; path = "rabbitmq-c/amqp_connection.c"; sourceTree = "<group>"; };
		5058387618C50DCE00BCC02D /* amqp_consumer.c */ = {isa = PBXFileReference; fileEncoding = 4; lastKnownFileType = sourcecode.c.c; name = amqp_consumer.c; path = "rabbitmq-c/amqp_consumer.c"; sourceTree = "<group>"; };
		5058387818C50DCE00BCC02D /* amqp_framing.c */ = {isa = PBXFileReference; fileEncoding = 4; lastKnownFileType = sourcecode.c.c; name = amqp_framing.c; path = "rabbitmq-c/amqp_framing.c"; sourceTree = "<group>"; };
		5058387918C50DCE00BCC02D /* amqp_framing.h */ = {isa = PBXFileReference; fileEncoding = 4; lastKnownFileType = sourcecode.c.h; name = amqp_framing.h; path = "rabbitmq-c/amqp_framing.h"; sourceTree = "<group>"; };
		5058387B18C50DCE00BCC02D /* amqp_mem.c */ = {isa = PBXFileReference; fileEncoding = 4; lastKnownFileType = sourcecode.c.c; name = amqp_mem.c; path = "rabbitmq-c/amqp_mem.c"; sourceTree = "<group>"; };
		5058387C18C50DCE00BCC02D /* amqp_openssl.c */ = {isa = PBXFileReference; fileEncoding = 4; lastKnownFileType = sourcecode.c.c; name = amqp_openssl.c; path = "rabbitmq-c/amqp_openssl.c"; sourceTree = "<group>"; };
		5058387E18C50DCE00BCC02D /* amqp_private.h */ = {isa = PBXFileReference; fileEncoding = 4; lastKnownFileType = sourcecode.c.h; name = amqp_private.h; path = "rabbitmq-c/amqp_private.h"; sourceTree = "<group>"; };
		5058387F18C50DCE00BCC02D /* amqp_socket.c */ = {isa = PBXFileReference; fileEncoding = 4; lastKnownFileType = sourcecode.c.c; name = amqp_socket.c; path = "rabbitmq-c/amqp_socket.c"; sourceTree = "<group>"; };
		5058388018C50DCE00BCC02D /* amqp_socket.h */ = {isa = PBXFileReference; fileEncoding = 4; lastKnownFileType = sourcecode.c.h; name = amqp_socket.h; path = "rabbitmq-c/amqp_socket.h"; sourceTree = "<group>"; };
		5058388118C50DCE00BCC02D /* amqp_ssl_socket.h */ = {isa = PBXFileReference; fileEncoding = 4; lastKnownFileType = sourcecode.c.h; name = amqp_ssl_socket.h; path = "rabbitmq-c/amqp_ssl_socket.h"; sourceTree = "<group>"; };
		5058388218C50DCE00BCC02D /* amqp_table.c */ = {isa = PBXFileReference; fileEncoding = 4; lastKnownFileType = sourcecode.c.c; name = amqp_table.c; path = "rabbitmq-c/amqp_table.c"; sourceTree = "<group>"; };
		5058388318C50DCE00BCC02D /* amqp_tcp_socket.c */ = {isa = PBXFileReference; fileEncoding = 4; lastKnownFileType = sourcecode.c.c; name = amqp_tcp_socket.c; path = "rabbitmq-c/amqp_tcp_socket.c"; sourceTree = "<group>"; };
		5058388418C50DCE00BCC02D /* amqp_tcp_socket.h */ = {isa = PBXFileReference; fileEncoding = 4; lastKnownFileType = sourcecode.c.h; name = amqp_tcp_socket.h; path = "rabbitmq-c/amqp_tcp_socket.h"; sourceTree = "<group>"; };
		5058388518C50DCE00BCC02D /* amqp_timer.c */ = {isa = PBXFileReference; fileEncoding = 4; lastKnownFileType = sourcecode.c.c; name = amqp_timer.c; path = "rabbitmq-c/amqp_timer.c"; sourceTree = "<group>"; };
		5058388618C50DCE00BCC02D /* amqp_timer.h */ = {isa = PBXFileReference; fileEncoding = 4; lastKnownFileType = sourcecode.c.h; name = amqp_timer.h; path = "rabbitmq-c/amqp_timer.h"; sourceTree = "<group>"; };
		5058388718C50DCE00BCC02D /* amqp_url.c */ = {isa = PBXFileReference; fileEncoding = 4; lastKnownFileType = sourcecode.c.c; name = amqp_url.c; path = "rabbitmq-c/amqp_url.c"; sourceTree = "<group>"; };
		5058388818C50DCE00BCC02D /* amqp.h */ = {isa = PBXFileReference; fileEncoding = 4; lastKnownFileType = sourcecode.c.h; name = amqp.h; path = "rabbitmq-c/amqp.h"; sourceTree = "<group>"; };
		50A6040518C77A7B005038CB /* libcorecrypto.dylib */ = {isa = PBXFileReference; lastKnownFileType = "compiled.mach-o.dylib"; name = libcorecrypto.dylib; path = usr/lib/system/libcorecrypto.dylib; sourceTree = SDKROOT; };
		50A6040718C77ABA005038CB /* libcommonCrypto.dylib */ = {isa = PBXFileReference; lastKnownFileType = "compiled.mach-o.dylib"; name = libcommonCrypto.dylib; path = usr/lib/system/libcommonCrypto.dylib; sourceTree = SDKROOT; };
		50A6040918C77AE5005038CB /* libcrypto.a */ = {isa = PBXFileReference; lastKnownFileType = archive.ar; name = libcrypto.a; path = lib/libcrypto.a; sourceTree = "<group>"; };
		50A6040B18C77AF0005038CB /* libssl.a */ = {isa = PBXFileReference; lastKnownFileType = archive.ar; name = libssl.a; path = lib/libssl.a; sourceTree = "<group>"; };
/* End PBXFileReference section */

/* Begin PBXFrameworksBuildPhase section */
		5058382418C50CFB00BCC02D /* Frameworks */ = {
			isa = PBXFrameworksBuildPhase;
			buildActionMask = 2147483647;
			files = (
				50A6040C18C77AF0005038CB /* libssl.a in Frameworks */,
				50A6040A18C77AE5005038CB /* libcrypto.a in Frameworks */,
				5058382D18C50CFB00BCC02D /* CoreGraphics.framework in Frameworks */,
				5058382F18C50CFB00BCC02D /* UIKit.framework in Frameworks */,
				5058382B18C50CFB00BCC02D /* Foundation.framework in Frameworks */,
			);
			runOnlyForDeploymentPostprocessing = 0;
		};
		5058383F18C50CFC00BCC02D /* Frameworks */ = {
			isa = PBXFrameworksBuildPhase;
			buildActionMask = 2147483647;
			files = (
				5058384418C50CFC00BCC02D /* XCTest.framework in Frameworks */,
				5058384618C50CFC00BCC02D /* UIKit.framework in Frameworks */,
				5058384518C50CFC00BCC02D /* Foundation.framework in Frameworks */,
			);
			runOnlyForDeploymentPostprocessing = 0;
		};
/* End PBXFrameworksBuildPhase section */

/* Begin PBXGroup section */
		5058381E18C50CFB00BCC02D = {
			isa = PBXGroup;
			children = (
				5058383018C50CFB00BCC02D /* librabbitmq-ios */,
				5058384918C50CFC00BCC02D /* librabbitmq-iosTests */,
				5058382918C50CFB00BCC02D /* Frameworks */,
				5058382818C50CFB00BCC02D /* Products */,
			);
			sourceTree = "<group>";
		};
		5058382818C50CFB00BCC02D /* Products */ = {
			isa = PBXGroup;
			children = (
				5058382718C50CFB00BCC02D /* librabbitmq-ios.app */,
				5058384218C50CFC00BCC02D /* librabbitmq-iosTests.xctest */,
			);
			name = Products;
			sourceTree = "<group>";
		};
		5058382918C50CFB00BCC02D /* Frameworks */ = {
			isa = PBXGroup;
			children = (
				50A6040B18C77AF0005038CB /* libssl.a */,
				50A6040918C77AE5005038CB /* libcrypto.a */,
				50A6040718C77ABA005038CB /* libcommonCrypto.dylib */,
				50A6040518C77A7B005038CB /* libcorecrypto.dylib */,
				5058382A18C50CFB00BCC02D /* Foundation.framework */,
				5058382C18C50CFB00BCC02D /* CoreGraphics.framework */,
				5058382E18C50CFB00BCC02D /* UIKit.framework */,
				5058384318C50CFC00BCC02D /* XCTest.framework */,
			);
			name = Frameworks;
			sourceTree = "<group>";
		};
		5058383018C50CFB00BCC02D /* librabbitmq-ios */ = {
			isa = PBXGroup;
			children = (
				5058387318C50DB600BCC02D /* rabbitmq-c */,
				5058385918C50D5700BCC02D /* AMQPChannel.h */,
				5058385A18C50D5700BCC02D /* AMQPChannel.m */,
				5058385B18C50D5700BCC02D /* AMQPConnection.h */,
				5058385C18C50D5700BCC02D /* AMQPConnection.m */,
				5058385D18C50D5700BCC02D /* AMQPConsumer.h */,
				5058385E18C50D5700BCC02D /* AMQPConsumer.m */,
				5058385F18C50D5700BCC02D /* AMQPConsumerThread.h */,
				5058386018C50D5700BCC02D /* AMQPConsumerThread.m */,
				5058386118C50D5700BCC02D /* AMQPConsumerThreadDelegate.h */,
				5058386218C50D5700BCC02D /* AMQPExchange.h */,
				5058386318C50D5700BCC02D /* AMQPExchange.m */,
				5058386418C50D5700BCC02D /* AMQPMessage.h */,
				5058386518C50D5700BCC02D /* AMQPMessage.m */,
				5058386618C50D5700BCC02D /* AMQPObject.h */,
				5058386718C50D5700BCC02D /* AMQPObject.m */,
				5058386818C50D5700BCC02D /* AMQPQueue.h */,
				5058386918C50D5700BCC02D /* AMQPQueue.m */,
				5058386A18C50D5700BCC02D /* AMQPWrapper.h */,
				5058383918C50CFC00BCC02D /* AppDelegate.h */,
				5058383A18C50CFC00BCC02D /* AppDelegate.m */,
				5058383C18C50CFC00BCC02D /* Images.xcassets */,
				5058383118C50CFB00BCC02D /* Supporting Files */,
			);
			path = "librabbitmq-ios";
			sourceTree = "<group>";
		};
		5058383118C50CFB00BCC02D /* Supporting Files */ = {
			isa = PBXGroup;
			children = (
				5058383218C50CFB00BCC02D /* librabbitmq-ios-Info.plist */,
				5058383318C50CFB00BCC02D /* InfoPlist.strings */,
				5058383618C50CFC00BCC02D /* main.m */,
				5058383818C50CFC00BCC02D /* librabbitmq-ios-Prefix.pch */,
			);
			name = "Supporting Files";
			sourceTree = "<group>";
		};
		5058384918C50CFC00BCC02D /* librabbitmq-iosTests */ = {
			isa = PBXGroup;
			children = (
				5058384F18C50CFC00BCC02D /* librabbitmq_iosTests.m */,
				5058384A18C50CFC00BCC02D /* Supporting Files */,
			);
			path = "librabbitmq-iosTests";
			sourceTree = "<group>";
		};
		5058384A18C50CFC00BCC02D /* Supporting Files */ = {
			isa = PBXGroup;
			children = (
				5058384B18C50CFC00BCC02D /* librabbitmq-iosTests-Info.plist */,
				5058384C18C50CFC00BCC02D /* InfoPlist.strings */,
			);
			name = "Supporting Files";
			sourceTree = "<group>";
		};
		5058387318C50DB600BCC02D /* rabbitmq-c */ = {
			isa = PBXGroup;
			children = (
				5058387418C50DCE00BCC02D /* amqp_api.c */,
				5058387518C50DCE00BCC02D /* amqp_connection.c */,
				5058387618C50DCE00BCC02D /* amqp_consumer.c */,
				5058387818C50DCE00BCC02D /* amqp_framing.c */,
				5058387918C50DCE00BCC02D /* amqp_framing.h */,
				5058387B18C50DCE00BCC02D /* amqp_mem.c */,
				5058387C18C50DCE00BCC02D /* amqp_openssl.c */,
				5058387E18C50DCE00BCC02D /* amqp_private.h */,
				5058387F18C50DCE00BCC02D /* amqp_socket.c */,
				5058388018C50DCE00BCC02D /* amqp_socket.h */,
				5058388118C50DCE00BCC02D /* amqp_ssl_socket.h */,
				5058388218C50DCE00BCC02D /* amqp_table.c */,
				5058388318C50DCE00BCC02D /* amqp_tcp_socket.c */,
				5058388418C50DCE00BCC02D /* amqp_tcp_socket.h */,
				5058388518C50DCE00BCC02D /* amqp_timer.c */,
				5058388618C50DCE00BCC02D /* amqp_timer.h */,
				5058388718C50DCE00BCC02D /* amqp_url.c */,
				5058388818C50DCE00BCC02D /* amqp.h */,
			);
			name = "rabbitmq-c";
			sourceTree = "<group>";
		};
/* End PBXGroup section */

/* Begin PBXNativeTarget section */
		5058382618C50CFB00BCC02D /* librabbitmq-ios */ = {
			isa = PBXNativeTarget;
			buildConfigurationList = 5058385318C50CFC00BCC02D /* Build configuration list for PBXNativeTarget "librabbitmq-ios" */;
			buildPhases = (
				5058382318C50CFB00BCC02D /* Sources */,
				5058382418C50CFB00BCC02D /* Frameworks */,
				5058382518C50CFB00BCC02D /* Resources */,
			);
			buildRules = (
			);
			dependencies = (
			);
			name = "librabbitmq-ios";
			productName = "librabbitmq-ios";
			productReference = 5058382718C50CFB00BCC02D /* librabbitmq-ios.app */;
			productType = "com.apple.product-type.application";
		};
		5058384118C50CFC00BCC02D /* librabbitmq-iosTests */ = {
			isa = PBXNativeTarget;
			buildConfigurationList = 5058385618C50CFC00BCC02D /* Build configuration list for PBXNativeTarget "librabbitmq-iosTests" */;
			buildPhases = (
				5058383E18C50CFC00BCC02D /* Sources */,
				5058383F18C50CFC00BCC02D /* Frameworks */,
				5058384018C50CFC00BCC02D /* Resources */,
			);
			buildRules = (
			);
			dependencies = (
				5058384818C50CFC00BCC02D /* PBXTargetDependency */,
			);
			name = "librabbitmq-iosTests";
			productName = "librabbitmq-iosTests";
			productReference = 5058384218C50CFC00BCC02D /* librabbitmq-iosTests.xctest */;
			productType = "com.apple.product-type.bundle.unit-test";
		};
/* End PBXNativeTarget section */

/* Begin PBXProject section */
		5058381F18C50CFB00BCC02D /* Project object */ = {
			isa = PBXProject;
			attributes = {
				LastUpgradeCheck = 0500;
				ORGANIZATIONNAME = Squarepusher;
				TargetAttributes = {
					5058384118C50CFC00BCC02D = {
						TestTargetID = 5058382618C50CFB00BCC02D;
					};
				};
			};
			buildConfigurationList = 5058382218C50CFB00BCC02D /* Build configuration list for PBXProject "librabbitmq-ios" */;
			compatibilityVersion = "Xcode 3.2";
			developmentRegion = English;
			hasScannedForEncodings = 0;
			knownRegions = (
				en,
			);
			mainGroup = 5058381E18C50CFB00BCC02D;
			productRefGroup = 5058382818C50CFB00BCC02D /* Products */;
			projectDirPath = "";
			projectRoot = "";
			targets = (
				5058382618C50CFB00BCC02D /* librabbitmq-ios */,
				5058384118C50CFC00BCC02D /* librabbitmq-iosTests */,
			);
		};
/* End PBXProject section */

/* Begin PBXResourcesBuildPhase section */
		5058382518C50CFB00BCC02D /* Resources */ = {
			isa = PBXResourcesBuildPhase;
			buildActionMask = 2147483647;
			files = (
				5058383518C50CFB00BCC02D /* InfoPlist.strings in Resources */,
				5058383D18C50CFC00BCC02D /* Images.xcassets in Resources */,
			);
			runOnlyForDeploymentPostprocessing = 0;
		};
		5058384018C50CFC00BCC02D /* Resources */ = {
			isa = PBXResourcesBuildPhase;
			buildActionMask = 2147483647;
			files = (
				5058384E18C50CFC00BCC02D /* InfoPlist.strings in Resources */,
			);
			runOnlyForDeploymentPostprocessing = 0;
		};
/* End PBXResourcesBuildPhase section */

/* Begin PBXSourcesBuildPhase section */
		5058382318C50CFB00BCC02D /* Sources */ = {
			isa = PBXSourcesBuildPhase;
			buildActionMask = 2147483647;
			files = (
				5058388A18C50DCE00BCC02D /* amqp_connection.c in Sources */,
				5058387218C50D5700BCC02D /* AMQPQueue.m in Sources */,
				5058386E18C50D5700BCC02D /* AMQPConsumerThread.m in Sources */,
				5058389418C50DCE00BCC02D /* amqp_tcp_socket.c in Sources */,
				5058389018C50DCE00BCC02D /* amqp_openssl.c in Sources */,
				5058389218C50DCE00BCC02D /* amqp_socket.c in Sources */,
				5058389518C50DCE00BCC02D /* amqp_timer.c in Sources */,
				5058386F18C50D5700BCC02D /* AMQPExchange.m in Sources */,
				5058386D18C50D5700BCC02D /* AMQPConsumer.m in Sources */,
				5058388D18C50DCE00BCC02D /* amqp_framing.c in Sources */,
				5058389618C50DCE00BCC02D /* amqp_url.c in Sources */,
				5058389318C50DCE00BCC02D /* amqp_table.c in Sources */,
				5058388918C50DCE00BCC02D /* amqp_api.c in Sources */,
				5058383B18C50CFC00BCC02D /* AppDelegate.m in Sources */,
				5058387018C50D5700BCC02D /* AMQPMessage.m in Sources */,
				5058387118C50D5700BCC02D /* AMQPObject.m in Sources */,
				5058386B18C50D5700BCC02D /* AMQPChannel.m in Sources */,
				5058386C18C50D5700BCC02D /* AMQPConnection.m in Sources */,
				5058383718C50CFC00BCC02D /* main.m in Sources */,
				5058388F18C50DCE00BCC02D /* amqp_mem.c in Sources */,
				5058388B18C50DCE00BCC02D /* amqp_consumer.c in Sources */,
			);
			runOnlyForDeploymentPostprocessing = 0;
		};
		5058383E18C50CFC00BCC02D /* Sources */ = {
			isa = PBXSourcesBuildPhase;
			buildActionMask = 2147483647;
			files = (
				5058385018C50CFC00BCC02D /* librabbitmq_iosTests.m in Sources */,
			);
			runOnlyForDeploymentPostprocessing = 0;
		};
/* End PBXSourcesBuildPhase section */

/* Begin PBXTargetDependency section */
		5058384818C50CFC00BCC02D /* PBXTargetDependency */ = {
			isa = PBXTargetDependency;
			target = 5058382618C50CFB00BCC02D /* librabbitmq-ios */;
			targetProxy = 5058384718C50CFC00BCC02D /* PBXContainerItemProxy */;
		};
/* End PBXTargetDependency section */

/* Begin PBXVariantGroup section */
		5058383318C50CFB00BCC02D /* InfoPlist.strings */ = {
			isa = PBXVariantGroup;
			children = (
				5058383418C50CFB00BCC02D /* en */,
			);
			name = InfoPlist.strings;
			sourceTree = "<group>";
		};
		5058384C18C50CFC00BCC02D /* InfoPlist.strings */ = {
			isa = PBXVariantGroup;
			children = (
				5058384D18C50CFC00BCC02D /* en */,
			);
			name = InfoPlist.strings;
			sourceTree = "<group>";
		};
/* End PBXVariantGroup section */

/* Begin XCBuildConfiguration section */
		5058385118C50CFC00BCC02D /* Debug */ = {
			isa = XCBuildConfiguration;
			buildSettings = {
				ALWAYS_SEARCH_USER_PATHS = NO;
				ARCHS = "$(ARCHS_STANDARD_INCLUDING_64_BIT)";
				CLANG_CXX_LANGUAGE_STANDARD = "gnu++0x";
				CLANG_CXX_LIBRARY = "libc++";
				CLANG_ENABLE_MODULES = YES;
				CLANG_ENABLE_OBJC_ARC = NO;
				CLANG_WARN_BOOL_CONVERSION = YES;
				CLANG_WARN_CONSTANT_CONVERSION = YES;
				CLANG_WARN_DIRECT_OBJC_ISA_USAGE = YES_ERROR;
				CLANG_WARN_EMPTY_BODY = YES;
				CLANG_WARN_ENUM_CONVERSION = YES;
				CLANG_WARN_INT_CONVERSION = YES;
				CLANG_WARN_OBJC_ROOT_CLASS = YES_ERROR;
				CLANG_WARN__DUPLICATE_METHOD_MATCH = YES;
				"CODE_SIGN_IDENTITY[sdk=iphoneos*]" = "iPhone Developer";
				COPY_PHASE_STRIP = NO;
				GCC_C_LANGUAGE_STANDARD = gnu99;
				GCC_DYNAMIC_NO_PIC = NO;
				GCC_OPTIMIZATION_LEVEL = 0;
				GCC_PREPROCESSOR_DEFINITIONS = (
					"DEBUG=1",
					"$(inherited)",
				);
				GCC_SYMBOLS_PRIVATE_EXTERN = NO;
				GCC_WARN_64_TO_32_BIT_CONVERSION = YES;
				GCC_WARN_ABOUT_RETURN_TYPE = YES_ERROR;
				GCC_WARN_UNDECLARED_SELECTOR = YES;
				GCC_WARN_UNINITIALIZED_AUTOS = YES;
				GCC_WARN_UNUSED_FUNCTION = YES;
				GCC_WARN_UNUSED_VARIABLE = YES;
				IPHONEOS_DEPLOYMENT_TARGET = 7.0;
				LIBRARY_SEARCH_PATHS = "\"$(SRCROOT)/lib\"";
				ONLY_ACTIVE_ARCH = YES;
				SDKROOT = iphoneos;
				TARGETED_DEVICE_FAMILY = "1,2";
			};
			name = Debug;
		};
		5058385218C50CFC00BCC02D /* Release */ = {
			isa = XCBuildConfiguration;
			buildSettings = {
				ALWAYS_SEARCH_USER_PATHS = NO;
				ARCHS = "$(ARCHS_STANDARD_INCLUDING_64_BIT)";
				CLANG_CXX_LANGUAGE_STANDARD = "gnu++0x";
				CLANG_CXX_LIBRARY = "libc++";
				CLANG_ENABLE_MODULES = YES;
				CLANG_ENABLE_OBJC_ARC = NO;
				CLANG_WARN_BOOL_CONVERSION = YES;
				CLANG_WARN_CONSTANT_CONVERSION = YES;
				CLANG_WARN_DIRECT_OBJC_ISA_USAGE = YES_ERROR;
				CLANG_WARN_EMPTY_BODY = YES;
				CLANG_WARN_ENUM_CONVERSION = YES;
				CLANG_WARN_INT_CONVERSION = YES;
				CLANG_WARN_OBJC_ROOT_CLASS = YES_ERROR;
				CLANG_WARN__DUPLICATE_METHOD_MATCH = YES;
				"CODE_SIGN_IDENTITY[sdk=iphoneos*]" = "iPhone Developer";
				COPY_PHASE_STRIP = YES;
				ENABLE_NS_ASSERTIONS = NO;
				GCC_C_LANGUAGE_STANDARD = gnu99;
				GCC_WARN_64_TO_32_BIT_CONVERSION = YES;
				GCC_WARN_ABOUT_RETURN_TYPE = YES_ERROR;
				GCC_WARN_UNDECLARED_SELECTOR = YES;
				GCC_WARN_UNINITIALIZED_AUTOS = YES;
				GCC_WARN_UNUSED_FUNCTION = YES;
				GCC_WARN_UNUSED_VARIABLE = YES;
				IPHONEOS_DEPLOYMENT_TARGET = 7.0;
				LIBRARY_SEARCH_PATHS = "\"$(SRCROOT)/lib\"";
				SDKROOT = iphoneos;
				TARGETED_DEVICE_FAMILY = "1,2";
				VALIDATE_PRODUCT = YES;
			};
			name = Release;
		};
		5058385418C50CFC00BCC02D /* Debug */ = {
			isa = XCBuildConfiguration;
			buildSettings = {
				ASSETCATALOG_COMPILER_APPICON_NAME = AppIcon;
				ASSETCATALOG_COMPILER_LAUNCHIMAGE_NAME = LaunchImage;
				GCC_PRECOMPILE_PREFIX_HEADER = YES;
				GCC_PREFIX_HEADER = "librabbitmq-ios/librabbitmq-ios-Prefix.pch";
				INFOPLIST_FILE = "librabbitmq-ios/librabbitmq-ios-Info.plist";
				LIBRARY_SEARCH_PATHS = (
					"$(inherited)",
					"$(SDKROOT)/usr/lib/system",
					"/Users/squarepusher/librabbitmq-ios/lib",
				);
				PRODUCT_NAME = "$(TARGET_NAME)";
				WRAPPER_EXTENSION = app;
			};
			name = Debug;
		};
		5058385518C50CFC00BCC02D /* Release */ = {
			isa = XCBuildConfiguration;
			buildSettings = {
				ASSETCATALOG_COMPILER_APPICON_NAME = AppIcon;
				ASSETCATALOG_COMPILER_LAUNCHIMAGE_NAME = LaunchImage;
				GCC_PRECOMPILE_PREFIX_HEADER = YES;
				GCC_PREFIX_HEADER = "librabbitmq-ios/librabbitmq-ios-Prefix.pch";
				INFOPLIST_FILE = "librabbitmq-ios/librabbitmq-ios-Info.plist";
				LIBRARY_SEARCH_PATHS = (
					"$(inherited)",
					"$(SDKROOT)/usr/lib/system",
					"/Users/squarepusher/librabbitmq-ios/lib",
				);
				PRODUCT_NAME = "$(TARGET_NAME)";
				WRAPPER_EXTENSION = app;
			};
			name = Release;
		};
		5058385718C50CFC00BCC02D /* Debug */ = {
			isa = XCBuildConfiguration;
			buildSettings = {
				ARCHS = "$(ARCHS_STANDARD_INCLUDING_64_BIT)";
				BUNDLE_LOADER = "$(BUILT_PRODUCTS_DIR)/librabbitmq-ios.app/librabbitmq-ios";
				FRAMEWORK_SEARCH_PATHS = (
					"$(SDKROOT)/Developer/Library/Frameworks",
					"$(inherited)",
					"$(DEVELOPER_FRAMEWORKS_DIR)",
				);
				GCC_PRECOMPILE_PREFIX_HEADER = YES;
				GCC_PREFIX_HEADER = "librabbitmq-ios/librabbitmq-ios-Prefix.pch";
				GCC_PREPROCESSOR_DEFINITIONS = (
					"DEBUG=1",
					"$(inherited)",
				);
				INFOPLIST_FILE = "librabbitmq-iosTests/librabbitmq-iosTests-Info.plist";
				PRODUCT_NAME = "$(TARGET_NAME)";
				TEST_HOST = "$(BUNDLE_LOADER)";
				WRAPPER_EXTENSION = xctest;
			};
			name = Debug;
		};
		5058385818C50CFC00BCC02D /* Release */ = {
			isa = XCBuildConfiguration;
			buildSettings = {
				ARCHS = "$(ARCHS_STANDARD_INCLUDING_64_BIT)";
				BUNDLE_LOADER = "$(BUILT_PRODUCTS_DIR)/librabbitmq-ios.app/librabbitmq-ios";
				FRAMEWORK_SEARCH_PATHS = (
					"$(SDKROOT)/Developer/Library/Frameworks",
					"$(inherited)",
					"$(DEVELOPER_FRAMEWORKS_DIR)",
				);
				GCC_PRECOMPILE_PREFIX_HEADER = YES;
				GCC_PREFIX_HEADER = "librabbitmq-ios/librabbitmq-ios-Prefix.pch";
				INFOPLIST_FILE = "librabbitmq-iosTests/librabbitmq-iosTests-Info.plist";
				PRODUCT_NAME = "$(TARGET_NAME)";
				TEST_HOST = "$(BUNDLE_LOADER)";
				WRAPPER_EXTENSION = xctest;
			};
			name = Release;
		};
/* End XCBuildConfiguration section */

/* Begin XCConfigurationList section */
		5058382218C50CFB00BCC02D /* Build configuration list for PBXProject "librabbitmq-ios" */ = {
			isa = XCConfigurationList;
			buildConfigurations = (
				5058385118C50CFC00BCC02D /* Debug */,
				5058385218C50CFC00BCC02D /* Release */,
			);
			defaultConfigurationIsVisible = 0;
			defaultConfigurationName = Release;
		};
		5058385318C50CFC00BCC02D /* Build configuration list for PBXNativeTarget "librabbitmq-ios" */ = {
			isa = XCConfigurationList;
			buildConfigurations = (
				5058385418C50CFC00BCC02D /* Debug */,
				5058385518C50CFC00BCC02D /* Release */,
			);
			defaultConfigurationIsVisible = 0;
			defaultConfigurationName = Release;
		};
		5058385618C50CFC00BCC02D /* Build configuration list for PBXNativeTarget "librabbitmq-iosTests" */ = {
			isa = XCConfigurationList;
			buildConfigurations = (
				5058385718C50CFC00BCC02D /* Debug */,
				5058385818C50CFC00BCC02D /* Release */,
			);
			defaultConfigurationIsVisible = 0;
			defaultConfigurationName = Release;
		};
/* End XCConfigurationList section */
	};
	rootObject = 5058381F18C50CFB00BCC02D /* Project object */;
}
